# THIS IS AN AUTOGENERATED FILE. DO NOT EDIT THIS FILE DIRECTLY.
# yarn lockfile v1


htmx.org@2.0.3:
  version "2.0.3"
  resolved "https://registry.yarnpkg.com/htmx.org/-/htmx.org-2.0.3.tgz#83f76a53d3fc562fe839f0f57ee7cd5f75fe7b59"
  integrity sha512-AeoJUAjkCVVajbfKX+3sVQBTCt8Ct4lif1T+z/tptTXo8+8yyq3QIMQQe/IT+R8ssfrO1I0DeX4CAronzCL6oA==
